// !$*UTF8*$!
{
	archiveVersion = 1;
	classes = {
	};
	objectVersion = 55;
	objects = {

/* Begin PBXBuildFile section */
		B80518A52872D44300E984DA /* Theme.swift in Sources */ = {isa = PBXBuildFile; fileRef = B80518A42872D44300E984DA /* Theme.swift */; };
		B80518A72872F51700E984DA /* ThemeCardView.swift in Sources */ = {isa = PBXBuildFile; fileRef = B80518A62872F51700E984DA /* ThemeCardView.swift */; };
		B80518AE2873229B00E984DA /* ThemeDetailView.swift in Sources */ = {isa = PBXBuildFile; fileRef = B80518AD2873229B00E984DA /* ThemeDetailView.swift */; };
		B80518B028733DEA00E984DA /* StarsView.swift in Sources */ = {isa = PBXBuildFile; fileRef = B80518AF28733DEA00E984DA /* StarsView.swift */; };
		B82EDC6A28751D3D00FCA14D /* MainThemeItem.swift in Sources */ = {isa = PBXBuildFile; fileRef = B82EDC6928751D3D00FCA14D /* MainThemeItem.swift */; };
		B82EDC6E28758F9D00FCA14D /* ThemeView.swift in Sources */ = {isa = PBXBuildFile; fileRef = B82EDC6D28758F9D00FCA14D /* ThemeView.swift */; };
		B83F6EA02875E0C5005035E2 /* AddTheme.swift in Sources */ = {isa = PBXBuildFile; fileRef = B83F6E9F2875E0C5005035E2 /* AddTheme.swift */; };
		B84490B828765E4D00086B4C /* PhotoPicker.swift in Sources */ = {isa = PBXBuildFile; fileRef = B84490B728765E4D00086B4C /* PhotoPicker.swift */; };
		B8584B822877F4A600669D68 /* SpotCellViewModel.swift in Sources */ = {isa = PBXBuildFile; fileRef = B8584B812877F4A600669D68 /* SpotCellViewModel.swift */; };
		B8584B842877F4B100669D68 /* SpotListViewModel.swift in Sources */ = {isa = PBXBuildFile; fileRef = B8584B832877F4B100669D68 /* SpotListViewModel.swift */; };
		B8584B862877F4E600669D68 /* SpotRepository.swift in Sources */ = {isa = PBXBuildFile; fileRef = B8584B852877F4E600669D68 /* SpotRepository.swift */; };
		B8584B892878064100669D68 /* TestView.swift in Sources */ = {isa = PBXBuildFile; fileRef = B8584B882878064100669D68 /* TestView.swift */; };
		B8584B8C2878084300669D68 /* ThemeMapView.swift in Sources */ = {isa = PBXBuildFile; fileRef = B8584B8B2878084300669D68 /* ThemeMapView.swift */; };
		B8584B8E287809C800669D68 /* MapViewModel.swift in Sources */ = {isa = PBXBuildFile; fileRef = B8584B8D287809C800669D68 /* MapViewModel.swift */; };
		B85F1B6F2869BF98007A3AB3 /* NilGroundApp.swift in Sources */ = {isa = PBXBuildFile; fileRef = B85F1B6E2869BF98007A3AB3 /* NilGroundApp.swift */; };
		B85F1B712869BF98007A3AB3 /* ContentView.swift in Sources */ = {isa = PBXBuildFile; fileRef = B85F1B702869BF98007A3AB3 /* ContentView.swift */; };
		B85F1B732869BF99007A3AB3 /* Assets.xcassets in Resources */ = {isa = PBXBuildFile; fileRef = B85F1B722869BF99007A3AB3 /* Assets.xcassets */; };
		B85F1B762869BF99007A3AB3 /* Preview Assets.xcassets in Resources */ = {isa = PBXBuildFile; fileRef = B85F1B752869BF99007A3AB3 /* Preview Assets.xcassets */; };
		B85F1B812869C056007A3AB3 /* MainView.swift in Sources */ = {isa = PBXBuildFile; fileRef = B85F1B802869C056007A3AB3 /* MainView.swift */; };
		B85F1B8F2869F1FC007A3AB3 /* NanumMyeongjo-ExtraBold.ttf in Resources */ = {isa = PBXBuildFile; fileRef = B85F1B8D2869F1E5007A3AB3 /* NanumMyeongjo-ExtraBold.ttf */; };
		B85F1B902869F1FF007A3AB3 /* NanumMyeongjo-Regular.ttf in Resources */ = {isa = PBXBuildFile; fileRef = B85F1B8E2869F1E5007A3AB3 /* NanumMyeongjo-Regular.ttf */; };
		B85F1B912869F201007A3AB3 /* NanumMyeongjo-Bold.ttf in Resources */ = {isa = PBXBuildFile; fileRef = B85F1B8C2869F1E5007A3AB3 /* NanumMyeongjo-Bold.ttf */; };
		B885771B28769D0500F84AF8 /* Category.swift in Sources */ = {isa = PBXBuildFile; fileRef = B885771A28769D0500F84AF8 /* Category.swift */; };
		B8A4768C2873F24500527F71 /* Spot.swift in Sources */ = {isa = PBXBuildFile; fileRef = B8A4768B2873F24500527F71 /* Spot.swift */; };
		B8AF4BE12872ACB100DF3E48 /* HexColor.swift in Sources */ = {isa = PBXBuildFile; fileRef = B8AF4BE02872ACB100DF3E48 /* HexColor.swift */; };
		B8F27E5E28741C8D00AB126E /* CustomCorner.swift in Sources */ = {isa = PBXBuildFile; fileRef = B8F27E5D28741C8D00AB126E /* CustomCorner.swift */; };
		B8F27E6028741C8F00AB126E /* BlurView.swift in Sources */ = {isa = PBXBuildFile; fileRef = B8F27E5F28741C8F00AB126E /* BlurView.swift */; };
		B8F27E6228741D2900AB126E /* SpotCardItem.swift in Sources */ = {isa = PBXBuildFile; fileRef = B8F27E6128741D2900AB126E /* SpotCardItem.swift */; };
		B8F27E6828742A8400AB126E /* Stars.swift in Sources */ = {isa = PBXBuildFile; fileRef = B8F27E6728742A8400AB126E /* Stars.swift */; };
		B8F27E6A28742A8800AB126E /* Likes.swift in Sources */ = {isa = PBXBuildFile; fileRef = B8F27E6928742A8800AB126E /* Likes.swift */; };
		B8F27E6D28742EBD00AB126E /* ThemeCellViewModel.swift in Sources */ = {isa = PBXBuildFile; fileRef = B8F27E6C28742EBD00AB126E /* ThemeCellViewModel.swift */; };
		B8F27E6F2874314C00AB126E /* ThemeListViewModel.swift in Sources */ = {isa = PBXBuildFile; fileRef = B8F27E6E2874314C00AB126E /* ThemeListViewModel.swift */; };
		B8F27E7628743E3900AB126E /* MainCard.swift in Sources */ = {isa = PBXBuildFile; fileRef = B8F27E7528743E3900AB126E /* MainCard.swift */; };
		B8F27E7828743E5600AB126E /* MainCardDetail.swift in Sources */ = {isa = PBXBuildFile; fileRef = B8F27E7728743E5600AB126E /* MainCardDetail.swift */; };
		B8F27E7C2874418B00AB126E /* GoogleService-Info.plist in Resources */ = {isa = PBXBuildFile; fileRef = B8F27E7B2874418B00AB126E /* GoogleService-Info.plist */; };
		B8F27E852874478B00AB126E /* ThemeRepository.swift in Sources */ = {isa = PBXBuildFile; fileRef = B8F27E842874478B00AB126E /* ThemeRepository.swift */; };
		B8F48951286B0B6E005788F0 /* ScreenSize.swift in Sources */ = {isa = PBXBuildFile; fileRef = B8F48950286B0B6E005788F0 /* ScreenSize.swift */; };
		C472D4AC0EC35A5F2E19A523 /* Pods_NilGround.framework in Frameworks */ = {isa = PBXBuildFile; fileRef = BCC0484B68B8A4D91A2EA366 /* Pods_NilGround.framework */; };
/* End PBXBuildFile section */

/* Begin PBXFileReference section */
		69562D02E4785D0B08A0E2B4 /* Pods-NilGround.release.xcconfig */ = {isa = PBXFileReference; includeInIndex = 1; lastKnownFileType = text.xcconfig; name = "Pods-NilGround.release.xcconfig"; path = "Target Support Files/Pods-NilGround/Pods-NilGround.release.xcconfig"; sourceTree = "<group>"; };
		9E292D06FC3A67919D063C62 /* Pods-NilGround.debug.xcconfig */ = {isa = PBXFileReference; includeInIndex = 1; lastKnownFileType = text.xcconfig; name = "Pods-NilGround.debug.xcconfig"; path = "Target Support Files/Pods-NilGround/Pods-NilGround.debug.xcconfig"; sourceTree = "<group>"; };
		B80518A42872D44300E984DA /* Theme.swift */ = {isa = PBXFileReference; lastKnownFileType = sourcecode.swift; path = Theme.swift; sourceTree = "<group>"; };
		B80518A62872F51700E984DA /* ThemeCardView.swift */ = {isa = PBXFileReference; lastKnownFileType = sourcecode.swift; path = ThemeCardView.swift; sourceTree = "<group>"; };
		B80518AD2873229B00E984DA /* ThemeDetailView.swift */ = {isa = PBXFileReference; lastKnownFileType = sourcecode.swift; path = ThemeDetailView.swift; sourceTree = "<group>"; };
		B80518AF28733DEA00E984DA /* StarsView.swift */ = {isa = PBXFileReference; lastKnownFileType = sourcecode.swift; path = StarsView.swift; sourceTree = "<group>"; };
		B82EDC6928751D3D00FCA14D /* MainThemeItem.swift */ = {isa = PBXFileReference; lastKnownFileType = sourcecode.swift; path = MainThemeItem.swift; sourceTree = "<group>"; };
		B82EDC6D28758F9D00FCA14D /* ThemeView.swift */ = {isa = PBXFileReference; lastKnownFileType = sourcecode.swift; path = ThemeView.swift; sourceTree = "<group>"; };
		B83F6E9F2875E0C5005035E2 /* AddTheme.swift */ = {isa = PBXFileReference; lastKnownFileType = sourcecode.swift; path = AddTheme.swift; sourceTree = "<group>"; };
		B84490B728765E4D00086B4C /* PhotoPicker.swift */ = {isa = PBXFileReference; lastKnownFileType = sourcecode.swift; path = PhotoPicker.swift; sourceTree = "<group>"; };
		B8584B812877F4A600669D68 /* SpotCellViewModel.swift */ = {isa = PBXFileReference; lastKnownFileType = sourcecode.swift; path = SpotCellViewModel.swift; sourceTree = "<group>"; };
		B8584B832877F4B100669D68 /* SpotListViewModel.swift */ = {isa = PBXFileReference; lastKnownFileType = sourcecode.swift; path = SpotListViewModel.swift; sourceTree = "<group>"; };
		B8584B852877F4E600669D68 /* SpotRepository.swift */ = {isa = PBXFileReference; lastKnownFileType = sourcecode.swift; path = SpotRepository.swift; sourceTree = "<group>"; };
		B8584B882878064100669D68 /* TestView.swift */ = {isa = PBXFileReference; lastKnownFileType = sourcecode.swift; path = TestView.swift; sourceTree = "<group>"; };
		B8584B8B2878084300669D68 /* ThemeMapView.swift */ = {isa = PBXFileReference; lastKnownFileType = sourcecode.swift; path = ThemeMapView.swift; sourceTree = "<group>"; };
		B8584B8D287809C800669D68 /* MapViewModel.swift */ = {isa = PBXFileReference; lastKnownFileType = sourcecode.swift; path = MapViewModel.swift; sourceTree = "<group>"; };
		B85F1B6B2869BF98007A3AB3 /* NilGround.app */ = {isa = PBXFileReference; explicitFileType = wrapper.application; includeInIndex = 0; path = NilGround.app; sourceTree = BUILT_PRODUCTS_DIR; };
		B85F1B6E2869BF98007A3AB3 /* NilGroundApp.swift */ = {isa = PBXFileReference; lastKnownFileType = sourcecode.swift; path = NilGroundApp.swift; sourceTree = "<group>"; };
		B85F1B702869BF98007A3AB3 /* ContentView.swift */ = {isa = PBXFileReference; lastKnownFileType = sourcecode.swift; path = ContentView.swift; sourceTree = "<group>"; };
		B85F1B722869BF99007A3AB3 /* Assets.xcassets */ = {isa = PBXFileReference; lastKnownFileType = folder.assetcatalog; path = Assets.xcassets; sourceTree = "<group>"; };
		B85F1B752869BF99007A3AB3 /* Preview Assets.xcassets */ = {isa = PBXFileReference; lastKnownFileType = folder.assetcatalog; path = "Preview Assets.xcassets"; sourceTree = "<group>"; };
		B85F1B802869C056007A3AB3 /* MainView.swift */ = {isa = PBXFileReference; lastKnownFileType = sourcecode.swift; path = MainView.swift; sourceTree = "<group>"; };
		B85F1B8C2869F1E5007A3AB3 /* NanumMyeongjo-Bold.ttf */ = {isa = PBXFileReference; lastKnownFileType = file; path = "NanumMyeongjo-Bold.ttf"; sourceTree = "<group>"; };
		B85F1B8D2869F1E5007A3AB3 /* NanumMyeongjo-ExtraBold.ttf */ = {isa = PBXFileReference; lastKnownFileType = file; path = "NanumMyeongjo-ExtraBold.ttf"; sourceTree = "<group>"; };
		B85F1B8E2869F1E5007A3AB3 /* NanumMyeongjo-Regular.ttf */ = {isa = PBXFileReference; lastKnownFileType = file; path = "NanumMyeongjo-Regular.ttf"; sourceTree = "<group>"; };
		B885771A28769D0500F84AF8 /* Category.swift */ = {isa = PBXFileReference; lastKnownFileType = sourcecode.swift; path = Category.swift; sourceTree = "<group>"; };
		B8A4768B2873F24500527F71 /* Spot.swift */ = {isa = PBXFileReference; lastKnownFileType = sourcecode.swift; path = Spot.swift; sourceTree = "<group>"; };
		B8AF4BE02872ACB100DF3E48 /* HexColor.swift */ = {isa = PBXFileReference; lastKnownFileType = sourcecode.swift; path = HexColor.swift; sourceTree = "<group>"; };
		B8C91495286ACD9200D80CCB /* Info.plist */ = {isa = PBXFileReference; lastKnownFileType = text.plist; path = Info.plist; sourceTree = "<group>"; };
		B8F27E5D28741C8D00AB126E /* CustomCorner.swift */ = {isa = PBXFileReference; lastKnownFileType = sourcecode.swift; path = CustomCorner.swift; sourceTree = "<group>"; };
		B8F27E5F28741C8F00AB126E /* BlurView.swift */ = {isa = PBXFileReference; lastKnownFileType = sourcecode.swift; path = BlurView.swift; sourceTree = "<group>"; };
		B8F27E6128741D2900AB126E /* SpotCardItem.swift */ = {isa = PBXFileReference; lastKnownFileType = sourcecode.swift; path = SpotCardItem.swift; sourceTree = "<group>"; };
		B8F27E6728742A8400AB126E /* Stars.swift */ = {isa = PBXFileReference; lastKnownFileType = sourcecode.swift; path = Stars.swift; sourceTree = "<group>"; };
		B8F27E6928742A8800AB126E /* Likes.swift */ = {isa = PBXFileReference; lastKnownFileType = sourcecode.swift; path = Likes.swift; sourceTree = "<group>"; };
		B8F27E6C28742EBD00AB126E /* ThemeCellViewModel.swift */ = {isa = PBXFileReference; lastKnownFileType = sourcecode.swift; path = ThemeCellViewModel.swift; sourceTree = "<group>"; };
		B8F27E6E2874314C00AB126E /* ThemeListViewModel.swift */ = {isa = PBXFileReference; lastKnownFileType = sourcecode.swift; path = ThemeListViewModel.swift; sourceTree = "<group>"; };
		B8F27E7528743E3900AB126E /* MainCard.swift */ = {isa = PBXFileReference; lastKnownFileType = sourcecode.swift; path = MainCard.swift; sourceTree = "<group>"; };
		B8F27E7728743E5600AB126E /* MainCardDetail.swift */ = {isa = PBXFileReference; lastKnownFileType = sourcecode.swift; path = MainCardDetail.swift; sourceTree = "<group>"; };
		B8F27E7B2874418B00AB126E /* GoogleService-Info.plist */ = {isa = PBXFileReference; fileEncoding = 4; lastKnownFileType = text.plist.xml; name = "GoogleService-Info.plist"; path = "../../../Downloads/GoogleService-Info.plist"; sourceTree = "<group>"; };
		B8F27E842874478B00AB126E /* ThemeRepository.swift */ = {isa = PBXFileReference; lastKnownFileType = sourcecode.swift; path = ThemeRepository.swift; sourceTree = "<group>"; };
		B8F48950286B0B6E005788F0 /* ScreenSize.swift */ = {isa = PBXFileReference; lastKnownFileType = sourcecode.swift; path = ScreenSize.swift; sourceTree = "<group>"; };
		BCC0484B68B8A4D91A2EA366 /* Pods_NilGround.framework */ = {isa = PBXFileReference; explicitFileType = wrapper.framework; includeInIndex = 0; path = Pods_NilGround.framework; sourceTree = BUILT_PRODUCTS_DIR; };
/* End PBXFileReference section */

/* Begin PBXFrameworksBuildPhase section */
		B85F1B682869BF98007A3AB3 /* Frameworks */ = {
			isa = PBXFrameworksBuildPhase;
			buildActionMask = 2147483647;
			files = (
				C472D4AC0EC35A5F2E19A523 /* Pods_NilGround.framework in Frameworks */,
			);
			runOnlyForDeploymentPostprocessing = 0;
		};
/* End PBXFrameworksBuildPhase section */

/* Begin PBXGroup section */
		314514235E74B36AA03F0B3C /* Frameworks */ = {
			isa = PBXGroup;
			children = (
				BCC0484B68B8A4D91A2EA366 /* Pods_NilGround.framework */,
			);
			name = Frameworks;
			sourceTree = "<group>";
		};
		79866716538B2F38E9A4413E /* Pods */ = {
			isa = PBXGroup;
			children = (
				9E292D06FC3A67919D063C62 /* Pods-NilGround.debug.xcconfig */,
				69562D02E4785D0B08A0E2B4 /* Pods-NilGround.release.xcconfig */,
			);
			path = Pods;
			sourceTree = "<group>";
		};
		B82EDC6828751ADE00FCA14D /* Update */ = {
			isa = PBXGroup;
			children = (
				B80518A62872F51700E984DA /* ThemeCardView.swift */,
				B8F27E7728743E5600AB126E /* MainCardDetail.swift */,
				B8F27E7528743E3900AB126E /* MainCard.swift */,
				B80518AD2873229B00E984DA /* ThemeDetailView.swift */,
			);
			path = Update;
			sourceTree = "<group>";
		};
		B83F6E9E2875E0A2005035E2 /* AddTheme */ = {
			isa = PBXGroup;
			children = (
				B83F6E9F2875E0C5005035E2 /* AddTheme.swift */,
			);
			path = AddTheme;
			sourceTree = "<group>";
		};
		B855B72D2876976900342861 /* Constants */ = {
			isa = PBXGroup;
			children = (
			);
			path = Constants;
			sourceTree = "<group>";
		};
		B8584B872878042E00669D68 /* Theme */ = {
			isa = PBXGroup;
			children = (
				B82EDC6D28758F9D00FCA14D /* ThemeView.swift */,
				B8584B8B2878084300669D68 /* ThemeMapView.swift */,
				B8584B882878064100669D68 /* TestView.swift */,
			);
			path = Theme;
			sourceTree = "<group>";
		};
		B8584B8A2878083200669D68 /* Spot */ = {
			isa = PBXGroup;
			children = (
			);
			path = Spot;
			sourceTree = "<group>";
		};
		B85F1B622869BF98007A3AB3 = {
			isa = PBXGroup;
			children = (
				B85F1B6D2869BF98007A3AB3 /* NilGround */,
				B85F1B6C2869BF98007A3AB3 /* Products */,
				79866716538B2F38E9A4413E /* Pods */,
				314514235E74B36AA03F0B3C /* Frameworks */,
			);
			sourceTree = "<group>";
		};
		B85F1B6C2869BF98007A3AB3 /* Products */ = {
			isa = PBXGroup;
			children = (
				B85F1B6B2869BF98007A3AB3 /* NilGround.app */,
			);
			name = Products;
			sourceTree = "<group>";
		};
		B85F1B6D2869BF98007A3AB3 /* NilGround */ = {
			isa = PBXGroup;
			children = (
				B855B72D2876976900342861 /* Constants */,
				B82EDC6828751ADE00FCA14D /* Update */,
				B8C9148D286AAD1700D80CCB /* Util */,
				B85F1B842869DE7F007A3AB3 /* Components */,
				B8F27E832874477200AB126E /* Repository */,
				B8C9148C286AAD1200D80CCB /* Model */,
				B8F27E6B28742BA400AB126E /* ViewModels */,
				B8F27E5C28741C6700AB126E /* Views */,
				B85F1B722869BF99007A3AB3 /* Assets.xcassets */,
				B85F1B6E2869BF98007A3AB3 /* NilGroundApp.swift */,
				B85F1B702869BF98007A3AB3 /* ContentView.swift */,
				B8C91495286ACD9200D80CCB /* Info.plist */,
				B8F27E7B2874418B00AB126E /* GoogleService-Info.plist */,
				B85F1B742869BF99007A3AB3 /* Preview Content */,
			);
			path = NilGround;
			sourceTree = "<group>";
		};
		B85F1B742869BF99007A3AB3 /* Preview Content */ = {
			isa = PBXGroup;
			children = (
				B85F1B752869BF99007A3AB3 /* Preview Assets.xcassets */,
			);
			path = "Preview Content";
			sourceTree = "<group>";
		};
		B85F1B842869DE7F007A3AB3 /* Components */ = {
			isa = PBXGroup;
			children = (
				B8F27E6128741D2900AB126E /* SpotCardItem.swift */,
				B8F27E5F28741C8F00AB126E /* BlurView.swift */,
				B8F27E5D28741C8D00AB126E /* CustomCorner.swift */,
				B80518AF28733DEA00E984DA /* StarsView.swift */,
			);
			path = Components;
			sourceTree = "<group>";
		};
		B85F1B852869F1AE007A3AB3 /* Font */ = {
			isa = PBXGroup;
			children = (
				B85F1B8C2869F1E5007A3AB3 /* NanumMyeongjo-Bold.ttf */,
				B85F1B8D2869F1E5007A3AB3 /* NanumMyeongjo-ExtraBold.ttf */,
				B85F1B8E2869F1E5007A3AB3 /* NanumMyeongjo-Regular.ttf */,
			);
			path = Font;
			sourceTree = "<group>";
		};
		B8C9148C286AAD1200D80CCB /* Model */ = {
			isa = PBXGroup;
			children = (
				B885771A28769D0500F84AF8 /* Category.swift */,
				B80518A42872D44300E984DA /* Theme.swift */,
				B8A4768B2873F24500527F71 /* Spot.swift */,
				B8F27E6728742A8400AB126E /* Stars.swift */,
				B8F27E6928742A8800AB126E /* Likes.swift */,
			);
			path = Model;
			sourceTree = "<group>";
		};
		B8C9148D286AAD1700D80CCB /* Util */ = {
			isa = PBXGroup;
			children = (
				B85F1B852869F1AE007A3AB3 /* Font */,
				B8F48950286B0B6E005788F0 /* ScreenSize.swift */,
				B8AF4BE02872ACB100DF3E48 /* HexColor.swift */,
				B84490B728765E4D00086B4C /* PhotoPicker.swift */,
			);
			path = Util;
			sourceTree = "<group>";
		};
		B8F27E5C28741C6700AB126E /* Views */ = {
			isa = PBXGroup;
			children = (
				B8584B8A2878083200669D68 /* Spot */,
				B8584B872878042E00669D68 /* Theme */,
				B83F6E9E2875E0A2005035E2 /* AddTheme */,
				B8F27E7028743D7D00AB126E /* Main */,
			);
			path = Views;
			sourceTree = "<group>";
		};
		B8F27E6B28742BA400AB126E /* ViewModels */ = {
			isa = PBXGroup;
			children = (
				B8F27E6C28742EBD00AB126E /* ThemeCellViewModel.swift */,
				B8F27E6E2874314C00AB126E /* ThemeListViewModel.swift */,
				B8584B812877F4A600669D68 /* SpotCellViewModel.swift */,
				B8584B832877F4B100669D68 /* SpotListViewModel.swift */,
				B8584B8D287809C800669D68 /* MapViewModel.swift */,
			);
			path = ViewModels;
			sourceTree = "<group>";
		};
		B8F27E7028743D7D00AB126E /* Main */ = {
			isa = PBXGroup;
			children = (
				B85F1B802869C056007A3AB3 /* MainView.swift */,
				B82EDC6928751D3D00FCA14D /* MainThemeItem.swift */,
			);
			path = Main;
			sourceTree = "<group>";
		};
		B8F27E832874477200AB126E /* Repository */ = {
			isa = PBXGroup;
			children = (
				B8F27E842874478B00AB126E /* ThemeRepository.swift */,
				B8584B852877F4E600669D68 /* SpotRepository.swift */,
			);
			path = Repository;
			sourceTree = "<group>";
		};
/* End PBXGroup section */

/* Begin PBXNativeTarget section */
		B85F1B6A2869BF98007A3AB3 /* NilGround */ = {
			isa = PBXNativeTarget;
			buildConfigurationList = B85F1B792869BF99007A3AB3 /* Build configuration list for PBXNativeTarget "NilGround" */;
			buildPhases = (
				73CBDB8C9133F78DD67776EA /* [CP] Check Pods Manifest.lock */,
				B85F1B672869BF98007A3AB3 /* Sources */,
				B85F1B682869BF98007A3AB3 /* Frameworks */,
				B85F1B692869BF98007A3AB3 /* Resources */,
				104A614C505A2880D1B4FE28 /* [CP] Embed Pods Frameworks */,
			);
			buildRules = (
			);
			dependencies = (
			);
			name = NilGround;
			productName = NilGround;
			productReference = B85F1B6B2869BF98007A3AB3 /* NilGround.app */;
			productType = "com.apple.product-type.application";
		};
/* End PBXNativeTarget section */

/* Begin PBXProject section */
		B85F1B632869BF98007A3AB3 /* Project object */ = {
			isa = PBXProject;
			attributes = {
				BuildIndependentTargetsInParallel = 1;
				LastSwiftUpdateCheck = 1340;
				LastUpgradeCheck = 1340;
				TargetAttributes = {
					B85F1B6A2869BF98007A3AB3 = {
						CreatedOnToolsVersion = 13.4.1;
					};
				};
			};
			buildConfigurationList = B85F1B662869BF98007A3AB3 /* Build configuration list for PBXProject "NilGround" */;
			compatibilityVersion = "Xcode 13.0";
			developmentRegion = en;
			hasScannedForEncodings = 0;
			knownRegions = (
				en,
				Base,
			);
			mainGroup = B85F1B622869BF98007A3AB3;
			productRefGroup = B85F1B6C2869BF98007A3AB3 /* Products */;
			projectDirPath = "";
			projectRoot = "";
			targets = (
				B85F1B6A2869BF98007A3AB3 /* NilGround */,
			);
		};
/* End PBXProject section */

/* Begin PBXResourcesBuildPhase section */
		B85F1B692869BF98007A3AB3 /* Resources */ = {
			isa = PBXResourcesBuildPhase;
			buildActionMask = 2147483647;
			files = (
				B85F1B762869BF99007A3AB3 /* Preview Assets.xcassets in Resources */,
				B85F1B8F2869F1FC007A3AB3 /* NanumMyeongjo-ExtraBold.ttf in Resources */,
				B85F1B732869BF99007A3AB3 /* Assets.xcassets in Resources */,
				B85F1B912869F201007A3AB3 /* NanumMyeongjo-Bold.ttf in Resources */,
				B85F1B902869F1FF007A3AB3 /* NanumMyeongjo-Regular.ttf in Resources */,
				B8F27E7C2874418B00AB126E /* GoogleService-Info.plist in Resources */,
			);
			runOnlyForDeploymentPostprocessing = 0;
		};
/* End PBXResourcesBuildPhase section */

/* Begin PBXShellScriptBuildPhase section */
		104A614C505A2880D1B4FE28 /* [CP] Embed Pods Frameworks */ = {
			isa = PBXShellScriptBuildPhase;
			buildActionMask = 2147483647;
			files = (
			);
			inputFileListPaths = (
				"${PODS_ROOT}/Target Support Files/Pods-NilGround/Pods-NilGround-frameworks-${CONFIGURATION}-input-files.xcfilelist",
			);
			name = "[CP] Embed Pods Frameworks";
			outputFileListPaths = (
				"${PODS_ROOT}/Target Support Files/Pods-NilGround/Pods-NilGround-frameworks-${CONFIGURATION}-output-files.xcfilelist",
			);
			runOnlyForDeploymentPostprocessing = 0;
			shellPath = /bin/sh;
			shellScript = "\"${PODS_ROOT}/Target Support Files/Pods-NilGround/Pods-NilGround-frameworks.sh\"\n";
			showEnvVarsInLog = 0;
		};
		73CBDB8C9133F78DD67776EA /* [CP] Check Pods Manifest.lock */ = {
			isa = PBXShellScriptBuildPhase;
			buildActionMask = 2147483647;
			files = (
			);
			inputFileListPaths = (
			);
			inputPaths = (
				"${PODS_PODFILE_DIR_PATH}/Podfile.lock",
				"${PODS_ROOT}/Manifest.lock",
			);
			name = "[CP] Check Pods Manifest.lock";
			outputFileListPaths = (
			);
			outputPaths = (
				"$(DERIVED_FILE_DIR)/Pods-NilGround-checkManifestLockResult.txt",
			);
			runOnlyForDeploymentPostprocessing = 0;
			shellPath = /bin/sh;
			shellScript = "diff \"${PODS_PODFILE_DIR_PATH}/Podfile.lock\" \"${PODS_ROOT}/Manifest.lock\" > /dev/null\nif [ $? != 0 ] ; then\n    # print error to STDERR\n    echo \"error: The sandbox is not in sync with the Podfile.lock. Run 'pod install' or update your CocoaPods installation.\" >&2\n    exit 1\nfi\n# This output is used by Xcode 'outputs' to avoid re-running this script phase.\necho \"SUCCESS\" > \"${SCRIPT_OUTPUT_FILE_0}\"\n";
			showEnvVarsInLog = 0;
		};
/* End PBXShellScriptBuildPhase section */

/* Begin PBXSourcesBuildPhase section */
		B85F1B672869BF98007A3AB3 /* Sources */ = {
			isa = PBXSourcesBuildPhase;
			buildActionMask = 2147483647;
			files = (
				B8584B8E287809C800669D68 /* MapViewModel.swift in Sources */,
				B82EDC6E28758F9D00FCA14D /* ThemeView.swift in Sources */,
				B8F27E6D28742EBD00AB126E /* ThemeCellViewModel.swift in Sources */,
				B8F27E6828742A8400AB126E /* Stars.swift in Sources */,
				B8584B892878064100669D68 /* TestView.swift in Sources */,
				B83F6EA02875E0C5005035E2 /* AddTheme.swift in Sources */,
				B8F27E6F2874314C00AB126E /* ThemeListViewModel.swift in Sources */,
				B8AF4BE12872ACB100DF3E48 /* HexColor.swift in Sources */,
				B80518AE2873229B00E984DA /* ThemeDetailView.swift in Sources */,
				B8F27E6028741C8F00AB126E /* BlurView.swift in Sources */,
				B8584B822877F4A600669D68 /* SpotCellViewModel.swift in Sources */,
				B8584B842877F4B100669D68 /* SpotListViewModel.swift in Sources */,
				B8584B8C2878084300669D68 /* ThemeMapView.swift in Sources */,
				B8F27E6A28742A8800AB126E /* Likes.swift in Sources */,
				B85F1B712869BF98007A3AB3 /* ContentView.swift in Sources */,
				B8F27E852874478B00AB126E /* ThemeRepository.swift in Sources */,
				B80518A72872F51700E984DA /* ThemeCardView.swift in Sources */,
				B82EDC6A28751D3D00FCA14D /* MainThemeItem.swift in Sources */,
				B85F1B812869C056007A3AB3 /* MainView.swift in Sources */,
				B8F27E6228741D2900AB126E /* SpotCardItem.swift in Sources */,
				B8584B862877F4E600669D68 /* SpotRepository.swift in Sources */,
				B80518A52872D44300E984DA /* Theme.swift in Sources */,
				B85F1B6F2869BF98007A3AB3 /* NilGroundApp.swift in Sources */,
				B885771B28769D0500F84AF8 /* Category.swift in Sources */,
				B8A4768C2873F24500527F71 /* Spot.swift in Sources */,
				B8F27E7628743E3900AB126E /* MainCard.swift in Sources */,
				B80518B028733DEA00E984DA /* StarsView.swift in Sources */,
				B84490B828765E4D00086B4C /* PhotoPicker.swift in Sources */,
				B8F27E5E28741C8D00AB126E /* CustomCorner.swift in Sources */,
				B8F48951286B0B6E005788F0 /* ScreenSize.swift in Sources */,
				B8F27E7828743E5600AB126E /* MainCardDetail.swift in Sources */,
			);
			runOnlyForDeploymentPostprocessing = 0;
		};
/* End PBXSourcesBuildPhase section */

/* Begin XCBuildConfiguration section */
		B85F1B772869BF99007A3AB3 /* Debug */ = {
			isa = XCBuildConfiguration;
			buildSettings = {
				ALWAYS_SEARCH_USER_PATHS = NO;
				CLANG_ANALYZER_NONNULL = YES;
				CLANG_ANALYZER_NUMBER_OBJECT_CONVERSION = YES_AGGRESSIVE;
				CLANG_CXX_LANGUAGE_STANDARD = "gnu++17";
				CLANG_ENABLE_MODULES = YES;
				CLANG_ENABLE_OBJC_ARC = YES;
				CLANG_ENABLE_OBJC_WEAK = YES;
				CLANG_WARN_BLOCK_CAPTURE_AUTORELEASING = YES;
				CLANG_WARN_BOOL_CONVERSION = YES;
				CLANG_WARN_COMMA = YES;
				CLANG_WARN_CONSTANT_CONVERSION = YES;
				CLANG_WARN_DEPRECATED_OBJC_IMPLEMENTATIONS = YES;
				CLANG_WARN_DIRECT_OBJC_ISA_USAGE = YES_ERROR;
				CLANG_WARN_DOCUMENTATION_COMMENTS = YES;
				CLANG_WARN_EMPTY_BODY = YES;
				CLANG_WARN_ENUM_CONVERSION = YES;
				CLANG_WARN_INFINITE_RECURSION = YES;
				CLANG_WARN_INT_CONVERSION = YES;
				CLANG_WARN_NON_LITERAL_NULL_CONVERSION = YES;
				CLANG_WARN_OBJC_IMPLICIT_RETAIN_SELF = YES;
				CLANG_WARN_OBJC_LITERAL_CONVERSION = YES;
				CLANG_WARN_OBJC_ROOT_CLASS = YES_ERROR;
				CLANG_WARN_QUOTED_INCLUDE_IN_FRAMEWORK_HEADER = YES;
				CLANG_WARN_RANGE_LOOP_ANALYSIS = YES;
				CLANG_WARN_STRICT_PROTOTYPES = YES;
				CLANG_WARN_SUSPICIOUS_MOVE = YES;
				CLANG_WARN_UNGUARDED_AVAILABILITY = YES_AGGRESSIVE;
				CLANG_WARN_UNREACHABLE_CODE = YES;
				CLANG_WARN__DUPLICATE_METHOD_MATCH = YES;
				COPY_PHASE_STRIP = NO;
				DEBUG_INFORMATION_FORMAT = dwarf;
				ENABLE_STRICT_OBJC_MSGSEND = YES;
				ENABLE_TESTABILITY = YES;
				GCC_C_LANGUAGE_STANDARD = gnu11;
				GCC_DYNAMIC_NO_PIC = NO;
				GCC_NO_COMMON_BLOCKS = YES;
				GCC_OPTIMIZATION_LEVEL = 0;
				GCC_PREPROCESSOR_DEFINITIONS = (
					"DEBUG=1",
					"$(inherited)",
				);
				GCC_WARN_64_TO_32_BIT_CONVERSION = YES;
				GCC_WARN_ABOUT_RETURN_TYPE = YES_ERROR;
				GCC_WARN_UNDECLARED_SELECTOR = YES;
				GCC_WARN_UNINITIALIZED_AUTOS = YES_AGGRESSIVE;
				GCC_WARN_UNUSED_FUNCTION = YES;
				GCC_WARN_UNUSED_VARIABLE = YES;
				IPHONEOS_DEPLOYMENT_TARGET = 15.5;
				MTL_ENABLE_DEBUG_INFO = INCLUDE_SOURCE;
				MTL_FAST_MATH = YES;
				ONLY_ACTIVE_ARCH = YES;
				SDKROOT = iphoneos;
				SWIFT_ACTIVE_COMPILATION_CONDITIONS = DEBUG;
				SWIFT_OPTIMIZATION_LEVEL = "-Onone";
			};
			name = Debug;
		};
		B85F1B782869BF99007A3AB3 /* Release */ = {
			isa = XCBuildConfiguration;
			buildSettings = {
				ALWAYS_SEARCH_USER_PATHS = NO;
				CLANG_ANALYZER_NONNULL = YES;
				CLANG_ANALYZER_NUMBER_OBJECT_CONVERSION = YES_AGGRESSIVE;
				CLANG_CXX_LANGUAGE_STANDARD = "gnu++17";
				CLANG_ENABLE_MODULES = YES;
				CLANG_ENABLE_OBJC_ARC = YES;
				CLANG_ENABLE_OBJC_WEAK = YES;
				CLANG_WARN_BLOCK_CAPTURE_AUTORELEASING = YES;
				CLANG_WARN_BOOL_CONVERSION = YES;
				CLANG_WARN_COMMA = YES;
				CLANG_WARN_CONSTANT_CONVERSION = YES;
				CLANG_WARN_DEPRECATED_OBJC_IMPLEMENTATIONS = YES;
				CLANG_WARN_DIRECT_OBJC_ISA_USAGE = YES_ERROR;
				CLANG_WARN_DOCUMENTATION_COMMENTS = YES;
				CLANG_WARN_EMPTY_BODY = YES;
				CLANG_WARN_ENUM_CONVERSION = YES;
				CLANG_WARN_INFINITE_RECURSION = YES;
				CLANG_WARN_INT_CONVERSION = YES;
				CLANG_WARN_NON_LITERAL_NULL_CONVERSION = YES;
				CLANG_WARN_OBJC_IMPLICIT_RETAIN_SELF = YES;
				CLANG_WARN_OBJC_LITERAL_CONVERSION = YES;
				CLANG_WARN_OBJC_ROOT_CLASS = YES_ERROR;
				CLANG_WARN_QUOTED_INCLUDE_IN_FRAMEWORK_HEADER = YES;
				CLANG_WARN_RANGE_LOOP_ANALYSIS = YES;
				CLANG_WARN_STRICT_PROTOTYPES = YES;
				CLANG_WARN_SUSPICIOUS_MOVE = YES;
				CLANG_WARN_UNGUARDED_AVAILABILITY = YES_AGGRESSIVE;
				CLANG_WARN_UNREACHABLE_CODE = YES;
				CLANG_WARN__DUPLICATE_METHOD_MATCH = YES;
				COPY_PHASE_STRIP = NO;
				DEBUG_INFORMATION_FORMAT = "dwarf-with-dsym";
				ENABLE_NS_ASSERTIONS = NO;
				ENABLE_STRICT_OBJC_MSGSEND = YES;
				GCC_C_LANGUAGE_STANDARD = gnu11;
				GCC_NO_COMMON_BLOCKS = YES;
				GCC_WARN_64_TO_32_BIT_CONVERSION = YES;
				GCC_WARN_ABOUT_RETURN_TYPE = YES_ERROR;
				GCC_WARN_UNDECLARED_SELECTOR = YES;
				GCC_WARN_UNINITIALIZED_AUTOS = YES_AGGRESSIVE;
				GCC_WARN_UNUSED_FUNCTION = YES;
				GCC_WARN_UNUSED_VARIABLE = YES;
				IPHONEOS_DEPLOYMENT_TARGET = 15.5;
				MTL_ENABLE_DEBUG_INFO = NO;
				MTL_FAST_MATH = YES;
				SDKROOT = iphoneos;
				SWIFT_COMPILATION_MODE = wholemodule;
				SWIFT_OPTIMIZATION_LEVEL = "-O";
				VALIDATE_PRODUCT = YES;
			};
			name = Release;
		};
		B85F1B7A2869BF99007A3AB3 /* Debug */ = {
			isa = XCBuildConfiguration;
			baseConfigurationReference = 9E292D06FC3A67919D063C62 /* Pods-NilGround.debug.xcconfig */;
			buildSettings = {
				ASSETCATALOG_COMPILER_APPICON_NAME = AppIcon;
				ASSETCATALOG_COMPILER_GLOBAL_ACCENT_COLOR_NAME = AccentColor;
				CODE_SIGN_STYLE = Automatic;
				CURRENT_PROJECT_VERSION = 1;
				DEVELOPMENT_ASSET_PATHS = "\"NilGround/Preview Content\"";
				DEVELOPMENT_TEAM = V3MNWMQX37;
				ENABLE_PREVIEWS = YES;
				GENERATE_INFOPLIST_FILE = YES;
				INFOPLIST_FILE = NilGround/Info.plist;
				INFOPLIST_KEY_NSLocationWhenInUseUsageDescription = "This app needs your location to show it on the map.";
				INFOPLIST_KEY_UIApplicationSceneManifest_Generation = YES;
				INFOPLIST_KEY_UIApplicationSupportsIndirectInputEvents = YES;
				INFOPLIST_KEY_UISupportedInterfaceOrientations_iPad = "UIInterfaceOrientationPortrait UIInterfaceOrientationPortraitUpsideDown UIInterfaceOrientationLandscapeLeft UIInterfaceOrientationLandscapeRight";
				INFOPLIST_KEY_UISupportedInterfaceOrientations_iPhone = "UIInterfaceOrientationPortrait UIInterfaceOrientationLandscapeLeft UIInterfaceOrientationLandscapeRight";
				LD_RUNPATH_SEARCH_PATHS = (
					"$(inherited)",
					"@executable_path/Frameworks",
				);
				MARKETING_VERSION = 1.0;
				PRODUCT_BUNDLE_IDENTIFIER = dev.oueya.NilGround;
				PRODUCT_NAME = "$(TARGET_NAME)";
				SWIFT_EMIT_LOC_STRINGS = YES;
				SWIFT_VERSION = 5.0;
				TARGETED_DEVICE_FAMILY = "1,2";
			};
			name = Debug;
		};
		B85F1B7B2869BF99007A3AB3 /* Release */ = {
			isa = XCBuildConfiguration;
			baseConfigurationReference = 69562D02E4785D0B08A0E2B4 /* Pods-NilGround.release.xcconfig */;
			buildSettings = {
				ASSETCATALOG_COMPILER_APPICON_NAME = AppIcon;
				ASSETCATALOG_COMPILER_GLOBAL_ACCENT_COLOR_NAME = AccentColor;
				CODE_SIGN_STYLE = Automatic;
				CURRENT_PROJECT_VERSION = 1;
				DEVELOPMENT_ASSET_PATHS = "\"NilGround/Preview Content\"";
				DEVELOPMENT_TEAM = V3MNWMQX37;
				ENABLE_PREVIEWS = YES;
				GENERATE_INFOPLIST_FILE = YES;
				INFOPLIST_FILE = NilGround/Info.plist;
				INFOPLIST_KEY_NSLocationWhenInUseUsageDescription = "This app needs your location to show it on the map.";
				INFOPLIST_KEY_UIApplicationSceneManifest_Generation = YES;
				INFOPLIST_KEY_UIApplicationSupportsIndirectInputEvents = YES;
				INFOPLIST_KEY_UISupportedInterfaceOrientations_iPad = "UIInterfaceOrientationPortrait UIInterfaceOrientationPortraitUpsideDown UIInterfaceOrientationLandscapeLeft UIInterfaceOrientationLandscapeRight";
				INFOPLIST_KEY_UISupportedInterfaceOrientations_iPhone = "UIInterfaceOrientationPortrait UIInterfaceOrientationLandscapeLeft UIInterfaceOrientationLandscapeRight";
				LD_RUNPATH_SEARCH_PATHS = (
					"$(inherited)",
					"@executable_path/Frameworks",
				);
				MARKETING_VERSION = 1.0;
				PRODUCT_BUNDLE_IDENTIFIER = dev.oueya.NilGround;
				PRODUCT_NAME = "$(TARGET_NAME)";
				SWIFT_EMIT_LOC_STRINGS = YES;
				SWIFT_VERSION = 5.0;
				TARGETED_DEVICE_FAMILY = "1,2";
			};
			name = Release;
		};
/* End XCBuildConfiguration section */

/* Begin XCConfigurationList section */
		B85F1B662869BF98007A3AB3 /* Build configuration list for PBXProject "NilGround" */ = {
			isa = XCConfigurationList;
			buildConfigurations = (
				B85F1B772869BF99007A3AB3 /* Debug */,
				B85F1B782869BF99007A3AB3 /* Release */,
			);
			defaultConfigurationIsVisible = 0;
			defaultConfigurationName = Release;
		};
		B85F1B792869BF99007A3AB3 /* Build configuration list for PBXNativeTarget "NilGround" */ = {
			isa = XCConfigurationList;
			buildConfigurations = (
				B85F1B7A2869BF99007A3AB3 /* Debug */,
				B85F1B7B2869BF99007A3AB3 /* Release */,
			);
			defaultConfigurationIsVisible = 0;
			defaultConfigurationName = Release;
		};
/* End XCConfigurationList section */
	};
	rootObject = B85F1B632869BF98007A3AB3 /* Project object */;
}
